github.com/LYT0628/ExtElements v0.0.0-20231219045150-caf3e889378d h1:C8QpLK2CANSK0WIJo0lRv48q4cMaERsq9rp+/olr7Yc=
github.com/LYT0628/ExtElements v0.0.0-20231219045150-caf3e889378d/go.mod h1:HxWFi8Z3JHlm3Mn3FSGWyUqFM3bzseICMwdC1Awcqwk=
github.com/LYT0628/hugolib v0.0.0-20231219132000-a715a6f06bce h1:l+TIUOxgUNsah6XMmdooVw8n2LDxnMa/aZ3jGJpKBoI=
github.com/LYT0628/hugolib v0.0.0-20231219132000-a715a6f06bce/go.mod h1:Srxqzfi/MPjtlolVtiuqWD+Wx5tLRlp2rKnTDoSaoH8=
github.com/LYT0628/hugolib v0.0.0-20231219133846-b56402c82b4b h1:XzCD8VzckmCxfeArocVM7QN3MXEj1OT+ajqxTIbsXBY=
github.com/LYT0628/hugolib v0.0.0-20231219133846-b56402c82b4b/go.mod h1:Srxqzfi/MPjtlolVtiuqWD+Wx5tLRlp2rKnTDoSaoH8=
github.com/LYT0628/hugolib v0.0.0-20231219135715-f4f5260b0555 h1:Pc45uuhHxQ+pVmQL1Heqfix4lTmcnkY9yxW+6VZJeuE=
github.com/LYT0628/hugolib v0.0.0-20231219135715-f4f5260b0555/go.mod h1:Srxqzfi/MPjtlolVtiuqWD+Wx5tLRlp2rKnTDoSaoH8=
github.com/LYT0628/hugolib v0.0.0-20231219151633-cab9b7681c11 h1:pO4ubeO8DixN3OuEuiOkDTc/o5k5rAcZ91eJWHhsVbc=
github.com/LYT0628/hugolib v0.0.0-20231219151633-cab9b7681c11/go.mod h1:Srxqzfi/MPjtlolVtiuqWD+Wx5tLRlp2rKnTDoSaoH8=
github.com/LYT0628/hugolib v0.0.0-20231219151850-be857422a3ac h1:UnWFM1jakPt3FM4Q7ainb7ni01hCWgH+tkP/UcmIC8c=
github.com/LYT0628/hugolib v0.0.0-20231219151850-be857422a3ac/go.mod h1:Srxqzfi/MPjtlolVtiuqWD+Wx5tLRlp2rKnTDoSaoH8=
github.com/LYT0628/hugolib v0.0.0-20231219152338-e8b0da725c33 h1:0CfPCOloSb1c9hH5gBtbWfEbke4TLL3D375Kb/nd9BQ=
github.com/LYT0628/hugolib v0.0.0-20231219152338-e8b0da725c33/go.mod h1:Srxqzfi/MPjtlolVtiuqWD+Wx5tLRlp2rKnTDoSaoH8=
github.com/LYT0628/hugolib v0.0.0-20231219160056-35c0949c2f65 h1:UitPZwsytGQUWV1EmKwpyNjTfmkJ767AQPydox1Vagg=
github.com/LYT0628/hugolib v0.0.0-20231219160056-35c0949c2f65/go.mod h1:Srxqzfi/MPjtlolVtiuqWD+Wx5tLRlp2rKnTDoSaoH8=
github.com/LYT0628/hugolib v0.0.0-20231219160639-1667614f3a22 h1:GErHiU26v4R2xxogT1H100Ip5bgcWc4N0X2JkfjewKU=
github.com/LYT0628/hugolib v0.0.0-20231219160639-1667614f3a22/go.mod h1:Srxqzfi/MPjtlolVtiuqWD+Wx5tLRlp2rKnTDoSaoH8=
github.com/hugoinaction/hugo-debug-utils v0.0.0-20220702145907-d1ee2aca7e2f h1:dKZYPXzYt0zXGm82D3YufsaMvbPTIIV5jibKUvQcl5g=
github.com/hugoinaction/hugo-debug-utils v0.0.0-20220702145907-d1ee2aca7e2f/go.mod h1:YA0Taxzbbqz9oEvtMUW/uuPRE2v93r0WPMLkWaqiuBs=
